
Microsoft Visual Studio Solution File, Format Version 12.00
# Visual Studio Version 16
VisualStudioVersion = 16.0.30907.101
MinimumVisualStudioVersion = 10.0.40219.1
Project("{FAE04EC0-301F-11D3-BF4B-00C04F79EFBC}") = "JMCSignalInterupt", "JMCSignalInterupt\JMCSignalInterupt.csproj", "{12579D5E-DE4F-46E9-95B8-B8A5A73B1841}"
EndProject
Global
	GlobalSection(SolutionConfigurationPlatforms) = preSolution
		Debug|Any CPU = Debug|Any CPU
		Release|Any CPU = Release|Any CPU
	EndGlobalSection
	GlobalSection(ProjectConfigurationPlatforms) = postSolution
		{12579D5E-DE4F-46E9-95B8-B8A5A73B1841}.Debug|Any CPU.ActiveCfg = Debug|Any CPU
		{12579D5E-DE4F-46E9-95B8-B8A5A73B1841}.Debug|Any CPU.Build.0 = Debug|Any CPU
		{12579D5E-DE4F-46E9-95B8-B8A5A73B1841}.Release|Any CPU.ActiveCfg = Release|Any CPU
		{12579D5E-DE4F-46E9-95B8-B8A5A73B1841}.Release|Any CPU.Build.0 = Release|Any CPU
	EndGlobalSection
	GlobalSection(SolutionProperties) = preSolution
		HideSolutionNode = FALSE
	EndGlobalSection
	GlobalSection(ExtensibilityGlobals) = postSolution
		SolutionGuid = {61F3ED6A-77AC-4854-BB6B-0F533DD10FDF}
	EndGlobalSection
EndGlobal
